
Microsoft Visual Studio Solution File, Format Version 12.00
# Visual Studio Version 16
VisualStudioVersion = 16.0.28803.352
MinimumVisualStudioVersion = 10.0.40219.1
Project("{9A19103F-16F7-4668-BE54-9A1E7A4F7556}") = "ConsoleAppTest", "ConsoleAppTest\ConsoleAppTest.csproj", "{218B4C9C-F8E7-4FEB-8056-9456C67E2CB8}"
EndProject
Project("{FAE04EC0-301F-11D3-BF4B-00C04F79EFBC}") = "RandomAvarages", "RandomAvarages\RandomAvarages.csproj", "{37D40193-EE3F-45B5-9BC7-8384A2312AF2}"
EndProject
Project("{9A19103F-16F7-4668-BE54-9A1E7A4F7556}") = "MusicTracks", "MusicTracks\MusicTracks.csproj", "{EDC708BA-CBAE-45A4-8C7B-F9B8FA47223C}"
EndProject
Project("{9A19103F-16F7-4668-BE54-9A1E7A4F7556}") = "Storage", "Storage\Storage.csproj", "{DAC699DD-128E-448C-8910-35FAEBB9D695}"
EndProject
Project("{9A19103F-16F7-4668-BE54-9A1E7A4F7556}") = "KnowledgeModel", "KnowledgeModelM\KnowledgeModel.csproj", "{19F6F7A3-021A-4A08-93D9-848381D22F9F}"
EndProject
Project("{9A19103F-16F7-4668-BE54-9A1E7A4F7556}") = "Forum", "Forum\Forum.csproj", "{22FDED26-E9F6-49FC-A21F-9EF7A0A52CC0}"
EndProject
Project("{9A19103F-16F7-4668-BE54-9A1E7A4F7556}") = "Forum.BLL", "Forum.BLL\Forum.BLL.csproj", "{DF15BD9E-6694-4BEB-B56C-DB6F0704CE39}"
EndProject
Project("{FAE04EC0-301F-11D3-BF4B-00C04F79EFBC}") = "Forum.DAL", "Forum.DAL\Forum.DAL.csproj", "{8238FD73-B53E-456F-AB73-F3D71C3D4CA2}"
EndProject
Global
	GlobalSection(SolutionConfigurationPlatforms) = preSolution
		Debug|Any CPU = Debug|Any CPU
		Release|Any CPU = Release|Any CPU
	EndGlobalSection
	GlobalSection(ProjectConfigurationPlatforms) = postSolution
		{218B4C9C-F8E7-4FEB-8056-9456C67E2CB8}.Debug|Any CPU.ActiveCfg = Debug|Any CPU
		{218B4C9C-F8E7-4FEB-8056-9456C67E2CB8}.Debug|Any CPU.Build.0 = Debug|Any CPU
		{218B4C9C-F8E7-4FEB-8056-9456C67E2CB8}.Release|Any CPU.ActiveCfg = Release|Any CPU
		{218B4C9C-F8E7-4FEB-8056-9456C67E2CB8}.Release|Any CPU.Build.0 = Release|Any CPU
		{37D40193-EE3F-45B5-9BC7-8384A2312AF2}.Debug|Any CPU.ActiveCfg = Debug|Any CPU
		{37D40193-EE3F-45B5-9BC7-8384A2312AF2}.Debug|Any CPU.Build.0 = Debug|Any CPU
		{37D40193-EE3F-45B5-9BC7-8384A2312AF2}.Release|Any CPU.ActiveCfg = Release|Any CPU
		{37D40193-EE3F-45B5-9BC7-8384A2312AF2}.Release|Any CPU.Build.0 = Release|Any CPU
		{EDC708BA-CBAE-45A4-8C7B-F9B8FA47223C}.Debug|Any CPU.ActiveCfg = Debug|Any CPU
		{EDC708BA-CBAE-45A4-8C7B-F9B8FA47223C}.Debug|Any CPU.Build.0 = Debug|Any CPU
		{EDC708BA-CBAE-45A4-8C7B-F9B8FA47223C}.Release|Any CPU.ActiveCfg = Release|Any CPU
		{EDC708BA-CBAE-45A4-8C7B-F9B8FA47223C}.Release|Any CPU.Build.0 = Release|Any CPU
		{DAC699DD-128E-448C-8910-35FAEBB9D695}.Debug|Any CPU.ActiveCfg = Debug|Any CPU
		{DAC699DD-128E-448C-8910-35FAEBB9D695}.Debug|Any CPU.Build.0 = Debug|Any CPU
		{DAC699DD-128E-448C-8910-35FAEBB9D695}.Release|Any CPU.ActiveCfg = Release|Any CPU
		{DAC699DD-128E-448C-8910-35FAEBB9D695}.Release|Any CPU.Build.0 = Release|Any CPU
		{19F6F7A3-021A-4A08-93D9-848381D22F9F}.Debug|Any CPU.ActiveCfg = Debug|Any CPU
		{19F6F7A3-021A-4A08-93D9-848381D22F9F}.Debug|Any CPU.Build.0 = Debug|Any CPU
		{19F6F7A3-021A-4A08-93D9-848381D22F9F}.Release|Any CPU.ActiveCfg = Release|Any CPU
		{19F6F7A3-021A-4A08-93D9-848381D22F9F}.Release|Any CPU.Build.0 = Release|Any CPU
		{22FDED26-E9F6-49FC-A21F-9EF7A0A52CC0}.Debug|Any CPU.ActiveCfg = Debug|Any CPU
		{22FDED26-E9F6-49FC-A21F-9EF7A0A52CC0}.Debug|Any CPU.Build.0 = Debug|Any CPU
		{22FDED26-E9F6-49FC-A21F-9EF7A0A52CC0}.Release|Any CPU.ActiveCfg = Release|Any CPU
		{22FDED26-E9F6-49FC-A21F-9EF7A0A52CC0}.Release|Any CPU.Build.0 = Release|Any CPU
		{DF15BD9E-6694-4BEB-B56C-DB6F0704CE39}.Debug|Any CPU.ActiveCfg = Debug|Any CPU
		{DF15BD9E-6694-4BEB-B56C-DB6F0704CE39}.Debug|Any CPU.Build.0 = Debug|Any CPU
		{DF15BD9E-6694-4BEB-B56C-DB6F0704CE39}.Release|Any CPU.ActiveCfg = Release|Any CPU
		{DF15BD9E-6694-4BEB-B56C-DB6F0704CE39}.Release|Any CPU.Build.0 = Release|Any CPU
		{8238FD73-B53E-456F-AB73-F3D71C3D4CA2}.Debug|Any CPU.ActiveCfg = Debug|Any CPU
		{8238FD73-B53E-456F-AB73-F3D71C3D4CA2}.Debug|Any CPU.Build.0 = Debug|Any CPU
		{8238FD73-B53E-456F-AB73-F3D71C3D4CA2}.Release|Any CPU.ActiveCfg = Release|Any CPU
		{8238FD73-B53E-456F-AB73-F3D71C3D4CA2}.Release|Any CPU.Build.0 = Release|Any CPU
	EndGlobalSection
	GlobalSection(SolutionProperties) = preSolution
		HideSolutionNode = FALSE
	EndGlobalSection
	GlobalSection(ExtensibilityGlobals) = postSolution
		SolutionGuid = {1282C78A-CEC8-4BEE-9D45-81CABBFEB1FE}
	EndGlobalSection
EndGlobal
